// !$*UTF8*$!
{
	archiveVersion = 1;
	classes = {
	};
	objectVersion = 50;
	objects = {

/* Begin PBXBuildFile section */
		F51839ED2631A72500ADCE2B /* Image.swift in Sources */ = {isa = PBXBuildFile; fileRef = F51839EC2631A72500ADCE2B /* Image.swift */; };
		F5196D9A26365191005639DA /* UIImage+Scaling.swift in Sources */ = {isa = PBXBuildFile; fileRef = F5196D9926365191005639DA /* UIImage+Scaling.swift */; };
		F52622292636E7DB002D5594 /* README in Resources */ = {isa = PBXBuildFile; fileRef = F52622282636E7DB002D5594 /* README */; };
		F53EB9C526327BDD00779769 /* ImageCell.swift in Sources */ = {isa = PBXBuildFile; fileRef = F53EB9C426327BDD00779769 /* ImageCell.swift */; };
		F58F14932631766E003F78B0 /* SimpleLayout.swift in Sources */ = {isa = PBXBuildFile; fileRef = F58F14922631766E003F78B0 /* SimpleLayout.swift */; };
		F5C66FB92630476700FAEFF3 /* AppDelegate.swift in Sources */ = {isa = PBXBuildFile; fileRef = F5C66FB82630476700FAEFF3 /* AppDelegate.swift */; };
		F5C66FBD2630476700FAEFF3 /* ViewController.swift in Sources */ = {isa = PBXBuildFile; fileRef = F5C66FBC2630476700FAEFF3 /* ViewController.swift */; };
		F5C66FC22630476800FAEFF3 /* Assets.xcassets in Resources */ = {isa = PBXBuildFile; fileRef = F5C66FC12630476800FAEFF3 /* Assets.xcassets */; };
		F5C66FC52630476800FAEFF3 /* LaunchScreen.storyboard in Resources */ = {isa = PBXBuildFile; fileRef = F5C66FC32630476800FAEFF3 /* LaunchScreen.storyboard */; };
		F5D6E96126355632006B4205 /* View.swift in Sources */ = {isa = PBXBuildFile; fileRef = F5D6E96026355632006B4205 /* View.swift */; };
/* End PBXBuildFile section */

/* Begin PBXFileReference section */
		F51839EC2631A72500ADCE2B /* Image.swift */ = {isa = PBXFileReference; lastKnownFileType = sourcecode.swift; path = Image.swift; sourceTree = "<group>"; };
		F5196D9926365191005639DA /* UIImage+Scaling.swift */ = {isa = PBXFileReference; lastKnownFileType = sourcecode.swift; path = "UIImage+Scaling.swift"; sourceTree = "<group>"; };
		F52622282636E7DB002D5594 /* README */ = {isa = PBXFileReference; lastKnownFileType = text; path = README; sourceTree = "<group>"; };
		F53EB9C426327BDD00779769 /* ImageCell.swift */ = {isa = PBXFileReference; lastKnownFileType = sourcecode.swift; path = ImageCell.swift; sourceTree = "<group>"; };
		F58F14922631766E003F78B0 /* SimpleLayout.swift */ = {isa = PBXFileReference; lastKnownFileType = sourcecode.swift; path = SimpleLayout.swift; sourceTree = "<group>"; };
		F5C66FB52630476700FAEFF3 /* SimpleCollectionView.app */ = {isa = PBXFileReference; explicitFileType = wrapper.application; includeInIndex = 0; path = SimpleCollectionView.app; sourceTree = BUILT_PRODUCTS_DIR; };
		F5C66FB82630476700FAEFF3 /* AppDelegate.swift */ = {isa = PBXFileReference; lastKnownFileType = sourcecode.swift; path = AppDelegate.swift; sourceTree = "<group>"; };
		F5C66FBC2630476700FAEFF3 /* ViewController.swift */ = {isa = PBXFileReference; lastKnownFileType = sourcecode.swift; path = ViewController.swift; sourceTree = "<group>"; };
		F5C66FC12630476800FAEFF3 /* Assets.xcassets */ = {isa = PBXFileReference; lastKnownFileType = folder.assetcatalog; path = Assets.xcassets; sourceTree = "<group>"; };
		F5C66FC42630476800FAEFF3 /* Base */ = {isa = PBXFileReference; lastKnownFileType = file.storyboard; name = Base; path = Base.lproj/LaunchScreen.storyboard; sourceTree = "<group>"; };
		F5C66FC62630476800FAEFF3 /* Info.plist */ = {isa = PBXFileReference; lastKnownFileType = text.plist.xml; path = Info.plist; sourceTree = "<group>"; };
		F5D6E96026355632006B4205 /* View.swift */ = {isa = PBXFileReference; lastKnownFileType = sourcecode.swift; path = View.swift; sourceTree = "<group>"; };
/* End PBXFileReference section */

/* Begin PBXFrameworksBuildPhase section */
		F5C66FB22630476700FAEFF3 /* Frameworks */ = {
			isa = PBXFrameworksBuildPhase;
			buildActionMask = 2147483647;
			files = (
			);
			runOnlyForDeploymentPostprocessing = 0;
		};
/* End PBXFrameworksBuildPhase section */

/* Begin PBXGroup section */
		F5C66FAC2630476700FAEFF3 = {
			isa = PBXGroup;
			children = (
				F52622282636E7DB002D5594 /* README */,
				F5C66FB72630476700FAEFF3 /* SimpleCollectionView */,
				F5C66FB62630476700FAEFF3 /* Products */,
			);
			sourceTree = "<group>";
		};
		F5C66FB62630476700FAEFF3 /* Products */ = {
			isa = PBXGroup;
			children = (
				F5C66FB52630476700FAEFF3 /* SimpleCollectionView.app */,
			);
			name = Products;
			sourceTree = "<group>";
		};
		F5C66FB72630476700FAEFF3 /* SimpleCollectionView */ = {
			isa = PBXGroup;
			children = (
				F5C66FB82630476700FAEFF3 /* AppDelegate.swift */,
				F5D6E95C263553E3006B4205 /* Model */,
				F5D6E95E26355438006B4205 /* View */,
				F5D6E95D2635541E006B4205 /* Controller */,
				F5E48E792636BC7D00A211D5 /* Utils */,
				F5C66FC12630476800FAEFF3 /* Assets.xcassets */,
				F5C66FC32630476800FAEFF3 /* LaunchScreen.storyboard */,
				F5C66FC62630476800FAEFF3 /* Info.plist */,
			);
			path = SimpleCollectionView;
			sourceTree = "<group>";
		};
		F5D6E95C263553E3006B4205 /* Model */ = {
			isa = PBXGroup;
			children = (
				F51839EC2631A72500ADCE2B /* Image.swift */,
			);
			path = Model;
			sourceTree = "<group>";
		};
		F5D6E95D2635541E006B4205 /* Controller */ = {
			isa = PBXGroup;
			children = (
				F5C66FBC2630476700FAEFF3 /* ViewController.swift */,
			);
			path = Controller;
			sourceTree = "<group>";
		};
		F5D6E95E26355438006B4205 /* View */ = {
			isa = PBXGroup;
			children = (
				F58F14922631766E003F78B0 /* SimpleLayout.swift */,
				F53EB9C426327BDD00779769 /* ImageCell.swift */,
				F5D6E96026355632006B4205 /* View.swift */,
			);
			path = View;
			sourceTree = "<group>";
		};
		F5E48E792636BC7D00A211D5 /* Utils */ = {
			isa = PBXGroup;
			children = (
				F5196D9926365191005639DA /* UIImage+Scaling.swift */,
			);
			path = Utils;
			sourceTree = "<group>";
		};
/* End PBXGroup section */

/* Begin PBXNativeTarget section */
		F5C66FB42630476700FAEFF3 /* SimpleCollectionView */ = {
			isa = PBXNativeTarget;
			buildConfigurationList = F5C66FC92630476800FAEFF3 /* Build configuration list for PBXNativeTarget "SimpleCollectionView" */;
			buildPhases = (
				F5C66FB12630476700FAEFF3 /* Sources */,
				F5C66FB22630476700FAEFF3 /* Frameworks */,
				F5C66FB32630476700FAEFF3 /* Resources */,
			);
			buildRules = (
			);
			dependencies = (
			);
			name = SimpleCollectionView;
			productName = SimpleCollectionView;
			productReference = F5C66FB52630476700FAEFF3 /* SimpleCollectionView.app */;
			productType = "com.apple.product-type.application";
		};
/* End PBXNativeTarget section */

/* Begin PBXProject section */
		F5C66FAD2630476700FAEFF3 /* Project object */ = {
			isa = PBXProject;
			attributes = {
				LastSwiftUpdateCheck = 1220;
				LastUpgradeCheck = 1220;
				TargetAttributes = {
					F5C66FB42630476700FAEFF3 = {
						CreatedOnToolsVersion = 12.2;
					};
				};
			};
			buildConfigurationList = F5C66FB02630476700FAEFF3 /* Build configuration list for PBXProject "SimpleCollectionView" */;
			compatibilityVersion = "Xcode 9.3";
			developmentRegion = en;
			hasScannedForEncodings = 0;
			knownRegions = (
				en,
				Base,
			);
			mainGroup = F5C66FAC2630476700FAEFF3;
			productRefGroup = F5C66FB62630476700FAEFF3 /* Products */;
			projectDirPath = "";
			projectRoot = "";
			targets = (
				F5C66FB42630476700FAEFF3 /* SimpleCollectionView */,
			);
		};
/* End PBXProject section */

/* Begin PBXResourcesBuildPhase section */
		F5C66FB32630476700FAEFF3 /* Resources */ = {
			isa = PBXResourcesBuildPhase;
			buildActionMask = 2147483647;
			files = (
				F52622292636E7DB002D5594 /* README in Resources */,
				F5C66FC52630476800FAEFF3 /* LaunchScreen.storyboard in Resources */,
				F5C66FC22630476800FAEFF3 /* Assets.xcassets in Resources */,
			);
			runOnlyForDeploymentPostprocessing = 0;
		};
/* End PBXResourcesBuildPhase section */

/* Begin PBXSourcesBuildPhase section */
		F5C66FB12630476700FAEFF3 /* Sources */ = {
			isa = PBXSourcesBuildPhase;
			buildActionMask = 2147483647;
			files = (
				F51839ED2631A72500ADCE2B /* Image.swift in Sources */,
				F5C66FBD2630476700FAEFF3 /* ViewController.swift in Sources */,
				F58F14932631766E003F78B0 /* SimpleLayout.swift in Sources */,
				F5C66FB92630476700FAEFF3 /* AppDelegate.swift in Sources */,
				F5D6E96126355632006B4205 /* View.swift in Sources */,
				F53EB9C526327BDD00779769 /* ImageCell.swift in Sources */,
				F5196D9A26365191005639DA /* UIImage+Scaling.swift in Sources */,
			);
			runOnlyForDeploymentPostprocessing = 0;
		};
/* End PBXSourcesBuildPhase section */

/* Begin PBXVariantGroup section */
		F5C66FC32630476800FAEFF3 /* LaunchScreen.storyboard */ = {
			isa = PBXVariantGroup;
			children = (
				F5C66FC42630476800FAEFF3 /* Base */,
			);
			name = LaunchScreen.storyboard;
			sourceTree = "<group>";
		};
/* End PBXVariantGroup section */

/* Begin XCBuildConfiguration section */
		F5C66FC72630476800FAEFF3 /* Debug */ = {
			isa = XCBuildConfiguration;
			buildSettings = {
				ALWAYS_SEARCH_USER_PATHS = NO;
				CLANG_ANALYZER_NONNULL = YES;
				CLANG_ANALYZER_NUMBER_OBJECT_CONVERSION = YES_AGGRESSIVE;
				CLANG_CXX_LANGUAGE_STANDARD = "gnu++14";
				CLANG_CXX_LIBRARY = "libc++";
				CLANG_ENABLE_MODULES = YES;
				CLANG_ENABLE_OBJC_ARC = YES;
				CLANG_ENABLE_OBJC_WEAK = YES;
				CLANG_WARN_BLOCK_CAPTURE_AUTORELEASING = YES;
				CLANG_WARN_BOOL_CONVERSION = YES;
				CLANG_WARN_COMMA = YES;
				CLANG_WARN_CONSTANT_CONVERSION = YES;
				CLANG_WARN_DEPRECATED_OBJC_IMPLEMENTATIONS = YES;
				CLANG_WARN_DIRECT_OBJC_ISA_USAGE = YES_ERROR;
				CLANG_WARN_DOCUMENTATION_COMMENTS = YES;
				CLANG_WARN_EMPTY_BODY = YES;
				CLANG_WARN_ENUM_CONVERSION = YES;
				CLANG_WARN_INFINITE_RECURSION = YES;
				CLANG_WARN_INT_CONVERSION = YES;
				CLANG_WARN_NON_LITERAL_NULL_CONVERSION = YES;
				CLANG_WARN_OBJC_IMPLICIT_RETAIN_SELF = YES;
				CLANG_WARN_OBJC_LITERAL_CONVERSION = YES;
				CLANG_WARN_OBJC_ROOT_CLASS = YES_ERROR;
				CLANG_WARN_QUOTED_INCLUDE_IN_FRAMEWORK_HEADER = YES;
				CLANG_WARN_RANGE_LOOP_ANALYSIS = YES;
				CLANG_WARN_STRICT_PROTOTYPES = YES;
				CLANG_WARN_SUSPICIOUS_MOVE = YES;
				CLANG_WARN_UNGUARDED_AVAILABILITY = YES_AGGRESSIVE;
				CLANG_WARN_UNREACHABLE_CODE = YES;
				CLANG_WARN__DUPLICATE_METHOD_MATCH = YES;
				COPY_PHASE_STRIP = NO;
				DEBUG_INFORMATION_FORMAT = dwarf;
				ENABLE_STRICT_OBJC_MSGSEND = YES;
				ENABLE_TESTABILITY = YES;
				GCC_C_LANGUAGE_STANDARD = gnu11;
				GCC_DYNAMIC_NO_PIC = NO;
				GCC_NO_COMMON_BLOCKS = YES;
				GCC_OPTIMIZATION_LEVEL = 0;
				GCC_PREPROCESSOR_DEFINITIONS = (
					"DEBUG=1",
					"$(inherited)",
				);
				GCC_WARN_64_TO_32_BIT_CONVERSION = YES;
				GCC_WARN_ABOUT_RETURN_TYPE = YES_ERROR;
				GCC_WARN_UNDECLARED_SELECTOR = YES;
				GCC_WARN_UNINITIALIZED_AUTOS = YES_AGGRESSIVE;
				GCC_WARN_UNUSED_FUNCTION = YES;
				GCC_WARN_UNUSED_VARIABLE = YES;
				IPHONEOS_DEPLOYMENT_TARGET = 14.2;
				MTL_ENABLE_DEBUG_INFO = INCLUDE_SOURCE;
				MTL_FAST_MATH = YES;
				ONLY_ACTIVE_ARCH = YES;
				SDKROOT = iphoneos;
				SWIFT_ACTIVE_COMPILATION_CONDITIONS = DEBUG;
				SWIFT_OPTIMIZATION_LEVEL = "-Onone";
			};
			name = Debug;
		};
		F5C66FC82630476800FAEFF3 /* Release */ = {
			isa = XCBuildConfiguration;
			buildSettings = {
				ALWAYS_SEARCH_USER_PATHS = NO;
				CLANG_ANALYZER_NONNULL = YES;
				CLANG_ANALYZER_NUMBER_OBJECT_CONVERSION = YES_AGGRESSIVE;
				CLANG_CXX_LANGUAGE_STANDARD = "gnu++14";
				CLANG_CXX_LIBRARY = "libc++";
				CLANG_ENABLE_MODULES = YES;
				CLANG_ENABLE_OBJC_ARC = YES;
				CLANG_ENABLE_OBJC_WEAK = YES;
				CLANG_WARN_BLOCK_CAPTURE_AUTORELEASING = YES;
				CLANG_WARN_BOOL_CONVERSION = YES;
				CLANG_WARN_COMMA = YES;
				CLANG_WARN_CONSTANT_CONVERSION = YES;
				CLANG_WARN_DEPRECATED_OBJC_IMPLEMENTATIONS = YES;
				CLANG_WARN_DIRECT_OBJC_ISA_USAGE = YES_ERROR;
				CLANG_WARN_DOCUMENTATION_COMMENTS = YES;
				CLANG_WARN_EMPTY_BODY = YES;
				CLANG_WARN_ENUM_CONVERSION = YES;
				CLANG_WARN_INFINITE_RECURSION = YES;
				CLANG_WARN_INT_CONVERSION = YES;
				CLANG_WARN_NON_LITERAL_NULL_CONVERSION = YES;
				CLANG_WARN_OBJC_IMPLICIT_RETAIN_SELF = YES;
				CLANG_WARN_OBJC_LITERAL_CONVERSION = YES;
				CLANG_WARN_OBJC_ROOT_CLASS = YES_ERROR;
				CLANG_WARN_QUOTED_INCLUDE_IN_FRAMEWORK_HEADER = YES;
				CLANG_WARN_RANGE_LOOP_ANALYSIS = YES;
				CLANG_WARN_STRICT_PROTOTYPES = YES;
				CLANG_WARN_SUSPICIOUS_MOVE = YES;
				CLANG_WARN_UNGUARDED_AVAILABILITY = YES_AGGRESSIVE;
				CLANG_WARN_UNREACHABLE_CODE = YES;
				CLANG_WARN__DUPLICATE_METHOD_MATCH = YES;
				COPY_PHASE_STRIP = NO;
				DEBUG_INFORMATION_FORMAT = "dwarf-with-dsym";
				ENABLE_NS_ASSERTIONS = NO;
				ENABLE_STRICT_OBJC_MSGSEND = YES;
				GCC_C_LANGUAGE_STANDARD = gnu11;
				GCC_NO_COMMON_BLOCKS = YES;
				GCC_WARN_64_TO_32_BIT_CONVERSION = YES;
				GCC_WARN_ABOUT_RETURN_TYPE = YES_ERROR;
				GCC_WARN_UNDECLARED_SELECTOR = YES;
				GCC_WARN_UNINITIALIZED_AUTOS = YES_AGGRESSIVE;
				GCC_WARN_UNUSED_FUNCTION = YES;
				GCC_WARN_UNUSED_VARIABLE = YES;
				IPHONEOS_DEPLOYMENT_TARGET = 14.2;
				MTL_ENABLE_DEBUG_INFO = NO;
				MTL_FAST_MATH = YES;
				SDKROOT = iphoneos;
				SWIFT_COMPILATION_MODE = wholemodule;
				SWIFT_OPTIMIZATION_LEVEL = "-O";
				VALIDATE_PRODUCT = YES;
			};
			name = Release;
		};
		F5C66FCA2630476800FAEFF3 /* Debug */ = {
			isa = XCBuildConfiguration;
			buildSettings = {
				ASSETCATALOG_COMPILER_APPICON_NAME = AppIcon;
				ASSETCATALOG_COMPILER_GLOBAL_ACCENT_COLOR_NAME = AccentColor;
				CODE_SIGN_STYLE = Automatic;
				DEVELOPMENT_TEAM = NHZC322937;
				INFOPLIST_FILE = SimpleCollectionView/Info.plist;
				IPHONEOS_DEPLOYMENT_TARGET = 10.0;
				LD_RUNPATH_SEARCH_PATHS = (
					"$(inherited)",
					"@executable_path/Frameworks",
				);
				PRODUCT_BUNDLE_IDENTIFIER = com.vldygrf.SimpleCollectionView;
				PRODUCT_NAME = "$(TARGET_NAME)";
				SWIFT_VERSION = 5.0;
				TARGETED_DEVICE_FAMILY = "1,2";
				TVOS_DEPLOYMENT_TARGET = 10.0;
			};
			name = Debug;
		};
		F5C66FCB2630476800FAEFF3 /* Release */ = {
			isa = XCBuildConfiguration;
			buildSettings = {
				ASSETCATALOG_COMPILER_APPICON_NAME = AppIcon;
				ASSETCATALOG_COMPILER_GLOBAL_ACCENT_COLOR_NAME = AccentColor;
				CODE_SIGN_STYLE = Automatic;
				DEVELOPMENT_TEAM = NHZC322937;
				INFOPLIST_FILE = SimpleCollectionView/Info.plist;
				IPHONEOS_DEPLOYMENT_TARGET = 10.0;
				LD_RUNPATH_SEARCH_PATHS = (
					"$(inherited)",
					"@executable_path/Frameworks",
				);
				PRODUCT_BUNDLE_IDENTIFIER = com.vldygrf.SimpleCollectionView;
				PRODUCT_NAME = "$(TARGET_NAME)";
				SWIFT_VERSION = 5.0;
				TARGETED_DEVICE_FAMILY = "1,2";
				TVOS_DEPLOYMENT_TARGET = 10.0;
			};
			name = Release;
		};
/* End XCBuildConfiguration section */

/* Begin XCConfigurationList section */
		F5C66FB02630476700FAEFF3 /* Build configuration list for PBXProject "SimpleCollectionView" */ = {
			isa = XCConfigurationList;
			buildConfigurations = (
				F5C66FC72630476800FAEFF3 /* Debug */,
				F5C66FC82630476800FAEFF3 /* Release */,
			);
			defaultConfigurationIsVisible = 0;
			defaultConfigurationName = Release;
		};
		F5C66FC92630476800FAEFF3 /* Build configuration list for PBXNativeTarget "SimpleCollectionView" */ = {
			isa = XCConfigurationList;
			buildConfigurations = (
				F5C66FCA2630476800FAEFF3 /* Debug */,
				F5C66FCB2630476800FAEFF3 /* Release */,
			);
			defaultConfigurationIsVisible = 0;
			defaultConfigurationName = Release;
		};
/* End XCConfigurationList section */
	};
	rootObject = F5C66FAD2630476700FAEFF3 /* Project object */;
}
